
Microsoft Visual Studio Solution File, Format Version 12.00
# Visual Studio Version 16
VisualStudioVersion = 16.0.30413.136
MinimumVisualStudioVersion = 10.0.40219.1
Project("{FAE04EC0-301F-11D3-BF4B-00C04F79EFBC}") = "SumaValores", "SumaValores\SumaValores.csproj", "{377EA77C-65B6-4B83-B1E1-BFAA9A47D24E}"
EndProject
Global
	GlobalSection(SolutionConfigurationPlatforms) = preSolution
		Debug|Any CPU = Debug|Any CPU
		Release|Any CPU = Release|Any CPU
	EndGlobalSection
	GlobalSection(ProjectConfigurationPlatforms) = postSolution
		{377EA77C-65B6-4B83-B1E1-BFAA9A47D24E}.Debug|Any CPU.ActiveCfg = Debug|Any CPU
		{377EA77C-65B6-4B83-B1E1-BFAA9A47D24E}.Debug|Any CPU.Build.0 = Debug|Any CPU
		{377EA77C-65B6-4B83-B1E1-BFAA9A47D24E}.Release|Any CPU.ActiveCfg = Release|Any CPU
		{377EA77C-65B6-4B83-B1E1-BFAA9A47D24E}.Release|Any CPU.Build.0 = Release|Any CPU
	EndGlobalSection
	GlobalSection(SolutionProperties) = preSolution
		HideSolutionNode = FALSE
	EndGlobalSection
	GlobalSection(ExtensibilityGlobals) = postSolution
		SolutionGuid = {4A6141D8-D0D7-43C2-85DE-9C0D5D0CC121}
	EndGlobalSection
EndGlobal
