
Microsoft Visual Studio Solution File, Format Version 12.00
# Visual Studio Version 16
VisualStudioVersion = 16.0.30413.136
MinimumVisualStudioVersion = 10.0.40219.1
Project("{FAE04EC0-301F-11D3-BF4B-00C04F79EFBC}") = "EjercicioLaboratorioNumerosPares", "EjercicioLaboratorioNumerosPares\EjercicioLaboratorioNumerosPares.csproj", "{C34B80D7-03A5-4A33-BD2B-AA3DFC4717F1}"
EndProject
Global
	GlobalSection(SolutionConfigurationPlatforms) = preSolution
		Debug|Any CPU = Debug|Any CPU
		Release|Any CPU = Release|Any CPU
	EndGlobalSection
	GlobalSection(ProjectConfigurationPlatforms) = postSolution
		{C34B80D7-03A5-4A33-BD2B-AA3DFC4717F1}.Debug|Any CPU.ActiveCfg = Debug|Any CPU
		{C34B80D7-03A5-4A33-BD2B-AA3DFC4717F1}.Debug|Any CPU.Build.0 = Debug|Any CPU
		{C34B80D7-03A5-4A33-BD2B-AA3DFC4717F1}.Release|Any CPU.ActiveCfg = Release|Any CPU
		{C34B80D7-03A5-4A33-BD2B-AA3DFC4717F1}.Release|Any CPU.Build.0 = Release|Any CPU
	EndGlobalSection
	GlobalSection(SolutionProperties) = preSolution
		HideSolutionNode = FALSE
	EndGlobalSection
	GlobalSection(ExtensibilityGlobals) = postSolution
		SolutionGuid = {A1BBB34B-C46E-45AF-BE27-11B82A1BD780}
	EndGlobalSection
EndGlobal
