
Microsoft Visual Studio Solution File, Format Version 12.00
# Visual Studio Version 16
VisualStudioVersion = 16.0.30413.136
MinimumVisualStudioVersion = 10.0.40219.1
Project("{FAE04EC0-301F-11D3-BF4B-00C04F79EFBC}") = "02PasajesPorValorYReferencia", "02PasajesPorValorYReferencia\02PasajesPorValorYReferencia.csproj", "{F3303E43-7246-48AC-A768-4484804FD7A3}"
EndProject
Global
	GlobalSection(SolutionConfigurationPlatforms) = preSolution
		Debug|Any CPU = Debug|Any CPU
		Release|Any CPU = Release|Any CPU
	EndGlobalSection
	GlobalSection(ProjectConfigurationPlatforms) = postSolution
		{F3303E43-7246-48AC-A768-4484804FD7A3}.Debug|Any CPU.ActiveCfg = Debug|Any CPU
		{F3303E43-7246-48AC-A768-4484804FD7A3}.Debug|Any CPU.Build.0 = Debug|Any CPU
		{F3303E43-7246-48AC-A768-4484804FD7A3}.Release|Any CPU.ActiveCfg = Release|Any CPU
		{F3303E43-7246-48AC-A768-4484804FD7A3}.Release|Any CPU.Build.0 = Release|Any CPU
	EndGlobalSection
	GlobalSection(SolutionProperties) = preSolution
		HideSolutionNode = FALSE
	EndGlobalSection
	GlobalSection(ExtensibilityGlobals) = postSolution
		SolutionGuid = {E1B548D8-B9F1-4C07-AE81-F946D5D4FDEB}
	EndGlobalSection
EndGlobal
